
Microsoft Visual Studio Solution File, Format Version 12.00
# Visual Studio Version 16
VisualStudioVersion = 16.0.30413.136
MinimumVisualStudioVersion = 10.0.40219.1
Project("{FAE04EC0-301F-11D3-BF4B-00C04F79EFBC}") = "deployment-slots", "deployment-slots\deployment-slots.csproj", "{ADEC5825-D132-42ED-AD1B-EABC2736858E}"
EndProject
Global
	GlobalSection(SolutionConfigurationPlatforms) = preSolution
		Debug|Any CPU = Debug|Any CPU
		Release|Any CPU = Release|Any CPU
	EndGlobalSection
	GlobalSection(ProjectConfigurationPlatforms) = postSolution
		{ADEC5825-D132-42ED-AD1B-EABC2736858E}.Debug|Any CPU.ActiveCfg = Debug|Any CPU
		{ADEC5825-D132-42ED-AD1B-EABC2736858E}.Debug|Any CPU.Build.0 = Debug|Any CPU
		{ADEC5825-D132-42ED-AD1B-EABC2736858E}.Release|Any CPU.ActiveCfg = Release|Any CPU
		{ADEC5825-D132-42ED-AD1B-EABC2736858E}.Release|Any CPU.Build.0 = Release|Any CPU
	EndGlobalSection
	GlobalSection(SolutionProperties) = preSolution
		HideSolutionNode = FALSE
	EndGlobalSection
	GlobalSection(ExtensibilityGlobals) = postSolution
		SolutionGuid = {269AD0CC-5C88-4F58-85F1-94C428071C63}
	EndGlobalSection
EndGlobal
